
Microsoft Visual Studio Solution File, Format Version 12.00
# Visual Studio Version 17
VisualStudioVersion = 17.11.35312.102
MinimumVisualStudioVersion = 10.0.40219.1
Project("{FAE04EC0-301F-11D3-BF4B-00C04F79EFBC}") = "adepoju-allen-a3-game", "adepoju-allen-a3-game\adepoju-allen-a3-game.csproj", "{BB77D238-444D-4D9A-89E1-C50837A9B9C0}"
EndProject
Global
	GlobalSection(SolutionConfigurationPlatforms) = preSolution
		Debug|Any CPU = Debug|Any CPU
		Release|Any CPU = Release|Any CPU
	EndGlobalSection
	GlobalSection(ProjectConfigurationPlatforms) = postSolution
		{BB77D238-444D-4D9A-89E1-C50837A9B9C0}.Debug|Any CPU.ActiveCfg = Debug|Any CPU
		{BB77D238-444D-4D9A-89E1-C50837A9B9C0}.Debug|Any CPU.Build.0 = Debug|Any CPU
		{BB77D238-444D-4D9A-89E1-C50837A9B9C0}.Release|Any CPU.ActiveCfg = Release|Any CPU
		{BB77D238-444D-4D9A-89E1-C50837A9B9C0}.Release|Any CPU.Build.0 = Release|Any CPU
	EndGlobalSection
	GlobalSection(SolutionProperties) = preSolution
		HideSolutionNode = FALSE
	EndGlobalSection
	GlobalSection(ExtensibilityGlobals) = postSolution
		SolutionGuid = {E585A8B6-725E-489F-B626-FFF6DC9DC170}
	EndGlobalSection
EndGlobal
